
Microsoft Visual Studio Solution File, Format Version 12.00
# Visual Studio 15
VisualStudioVersion = 15.0.28010.2050
MinimumVisualStudioVersion = 10.0.40219.1
Project("{FAE04EC0-301F-11D3-BF4B-00C04F79EFBC}") = "BUH", "BUH\BUH.csproj", "{912144AC-0458-44F1-ABF0-A7938DB557FC}"
EndProject
Project("{FAE04EC0-301F-11D3-BF4B-00C04F79EFBC}") = "BUH.DAL", "BUH.DAL\BUH.DAL.csproj", "{12E5A18E-D808-4753-92D3-37C6755CA038}"
EndProject
Project("{FAE04EC0-301F-11D3-BF4B-00C04F79EFBC}") = "BUH.Domain", "BUH.DOMAIN\BUH.Domain.csproj", "{993D3FEA-E59E-4099-B99A-8502D49B9D10}"
EndProject
Global
	GlobalSection(SolutionConfigurationPlatforms) = preSolution
		Debug|Any CPU = Debug|Any CPU
		Release|Any CPU = Release|Any CPU
	EndGlobalSection
	GlobalSection(ProjectConfigurationPlatforms) = postSolution
		{912144AC-0458-44F1-ABF0-A7938DB557FC}.Debug|Any CPU.ActiveCfg = Debug|Any CPU
		{912144AC-0458-44F1-ABF0-A7938DB557FC}.Debug|Any CPU.Build.0 = Debug|Any CPU
		{912144AC-0458-44F1-ABF0-A7938DB557FC}.Release|Any CPU.ActiveCfg = Release|Any CPU
		{912144AC-0458-44F1-ABF0-A7938DB557FC}.Release|Any CPU.Build.0 = Release|Any CPU
		{12E5A18E-D808-4753-92D3-37C6755CA038}.Debug|Any CPU.ActiveCfg = Debug|Any CPU
		{12E5A18E-D808-4753-92D3-37C6755CA038}.Debug|Any CPU.Build.0 = Debug|Any CPU
		{12E5A18E-D808-4753-92D3-37C6755CA038}.Release|Any CPU.ActiveCfg = Release|Any CPU
		{12E5A18E-D808-4753-92D3-37C6755CA038}.Release|Any CPU.Build.0 = Release|Any CPU
		{993D3FEA-E59E-4099-B99A-8502D49B9D10}.Debug|Any CPU.ActiveCfg = Debug|Any CPU
		{993D3FEA-E59E-4099-B99A-8502D49B9D10}.Debug|Any CPU.Build.0 = Debug|Any CPU
		{993D3FEA-E59E-4099-B99A-8502D49B9D10}.Release|Any CPU.ActiveCfg = Release|Any CPU
		{993D3FEA-E59E-4099-B99A-8502D49B9D10}.Release|Any CPU.Build.0 = Release|Any CPU
	EndGlobalSection
	GlobalSection(SolutionProperties) = preSolution
		HideSolutionNode = FALSE
	EndGlobalSection
	GlobalSection(ExtensibilityGlobals) = postSolution
		SolutionGuid = {10272782-62BB-4788-8BEC-AC8FF5FE6D74}
	EndGlobalSection
EndGlobal
